{
  "name": "Axuore-Technologies",
  "lockfileVersion": 3,
  "requires": true,
  "packages": {
    "": {
      "dependencies": {
        "@icons-pack/react-simple-icons": "^11.2.0",
        "react-simple-icons": "^1.0.0-beta.5",
        "simple-icons": "^14.4.0"
      }
    },
    "node_modules/@icons-pack/react-simple-icons": {
      "version": "11.2.0",
      "resolved": "https://registry.npmjs.org/@icons-pack/react-simple-icons/-/react-simple-icons-11.2.0.tgz",
      "integrity": "sha512-jCJ+1Fe0yiBQGYSfhx8QGU/9o27t8J4Hw3mxHEI9vohRltLSi5CaPzO2fCQcMNeTrAUAm4j+yaDuAutskiKRjA==",
      "license": "MIT",
      "peerDependencies": {
        "react": "^16.13 || ^17 || ^18 || ^19"
      }
    },
    "node_modules/@jxnblk/simple-icons": {
      "version": "1.0.0",
      "resolved": "https://registry.npmjs.org/@jxnblk/simple-icons/-/simple-icons-1.0.0.tgz",
      "integrity": "sha512-gERta8XuAckJ4xozpICmx8Uu5x63cvwaEd/wbNQyVMCTzg/lrL3YbNve/4Hn3+tQtx4R8EY3OOZs5etlPxLP4A==",
      "license": "MIT"
    },
    "node_modules/react": {
      "version": "19.0.0",
      "resolved": "https://registry.npmjs.org/react/-/react-19.0.0.tgz",
      "integrity": "sha512-V8AVnmPIICiWpGfm6GLzCR/W5FXLchHop40W4nXBmdlEceh16rCN8O8LNWm5bh5XUX91fh7KpA+W0TgMKmgTpQ==",
      "license": "MIT",
      "peer": true,
      "engines": {
        "node": ">=0.10.0"
      }
    },
    "node_modules/react-simple-icons": {
      "version": "1.0.0-beta.5",
      "resolved": "https://registry.npmjs.org/react-simple-icons/-/react-simple-icons-1.0.0-beta.5.tgz",
      "integrity": "sha512-+6XlS1jwHLTk6iNkPuk2S/X9cU7MUm7ZRDYJy4ZZEDLv9oWQPAgcSGUx4wxlI9lVH/aaz+1umT7YcwYAbVjaqA==",
      "license": "MIT",
      "dependencies": {
        "@jxnblk/simple-icons": "^1.0.0"
      }
    },
    "node_modules/simple-icons": {
      "version": "14.4.0",
      "resolved": "https://registry.npmjs.org/simple-icons/-/simple-icons-14.4.0.tgz",
      "integrity": "sha512-eR4WWGF2/dMn6Na7wQZ9nUnGQg4CC9MnqYUlKKfIO0kQ79BdwyFS2L+X/MIxArULsh/IE0U48d4r9N4JVPicIQ==",
      "license": "CC0-1.0",
      "engines": {
        "node": ">=0.12.18"
      },
      "funding": {
        "type": "opencollective",
        "url": "https://opencollective.com/simple-icons"
      }
    }
  }
}
